
Microsoft Visual Studio Solution File, Format Version 12.00
Project("{FAE04EC0-301F-11D3-BF4B-00C04F79EFBC}") = "Revision informal", "Revision informal\Revision informal.csproj", "{2383B7A6-6DDE-446E-A854-A78867330C7B}"
EndProject
Global
	GlobalSection(SolutionConfigurationPlatforms) = preSolution
		Debug|Any CPU = Debug|Any CPU
		Release|Any CPU = Release|Any CPU
	EndGlobalSection
	GlobalSection(ProjectConfigurationPlatforms) = postSolution
		{2383B7A6-6DDE-446E-A854-A78867330C7B}.Debug|Any CPU.ActiveCfg = Debug|Any CPU
		{2383B7A6-6DDE-446E-A854-A78867330C7B}.Debug|Any CPU.Build.0 = Debug|Any CPU
		{2383B7A6-6DDE-446E-A854-A78867330C7B}.Release|Any CPU.ActiveCfg = Release|Any CPU
		{2383B7A6-6DDE-446E-A854-A78867330C7B}.Release|Any CPU.Build.0 = Release|Any CPU
	EndGlobalSection
EndGlobal
